
Microsoft Visual Studio Solution File, Format Version 12.00
# Visual Studio Version 16
VisualStudioVersion = 16.0.30804.86
MinimumVisualStudioVersion = 10.0.40219.1
Project("{FAE04EC0-301F-11D3-BF4B-00C04F79EFBC}") = "Deluxe.QCReport.Web", "Deluxe.QCReport.Web\Deluxe.QCReport.Web.csproj", "{021ADD01-7A25-4525-9559-F057C062493B}"
EndProject
Project("{FAE04EC0-301F-11D3-BF4B-00C04F79EFBC}") = "Deluxe.QCReport.Common", "Deluxe.QCReport.Common\Deluxe.QCReport.Common.csproj", "{9BE689FF-4711-4122-8888-2C867BA20F79}"
EndProject
Project("{FAE04EC0-301F-11D3-BF4B-00C04F79EFBC}") = "Deluxe.QCReport.Database", "Deluxe.QCReport.Database\Deluxe.QCReport.Database.csproj", "{ED8758EE-16B6-454B-A38D-35E485ECDBDF}"
EndProject
Project("{FAE04EC0-301F-11D3-BF4B-00C04F79EFBC}") = "Deluxe.QCReport.Test", "Deluxe.QCReport.Test\Deluxe.QCReport.Test.csproj", "{57B8B4C2-9C6B-48ED-A0FF-555FC00AE86B}"
EndProject
Project("{FAE04EC0-301F-11D3-BF4B-00C04F79EFBC}") = "Deluxe.QCReport.ConsoleApp", "Deluxe.QCReport.ConsoleApp\Deluxe.QCReport.ConsoleApp.csproj", "{EE93B450-2292-4470-B565-06803B8B78A9}"
EndProject
Global
	GlobalSection(SolutionConfigurationPlatforms) = preSolution
		Debug|Any CPU = Debug|Any CPU
		Release|Any CPU = Release|Any CPU
	EndGlobalSection
	GlobalSection(ProjectConfigurationPlatforms) = postSolution
		{021ADD01-7A25-4525-9559-F057C062493B}.Debug|Any CPU.ActiveCfg = Debug|Any CPU
		{021ADD01-7A25-4525-9559-F057C062493B}.Debug|Any CPU.Build.0 = Debug|Any CPU
		{021ADD01-7A25-4525-9559-F057C062493B}.Release|Any CPU.ActiveCfg = Release|Any CPU
		{021ADD01-7A25-4525-9559-F057C062493B}.Release|Any CPU.Build.0 = Release|Any CPU
		{9BE689FF-4711-4122-8888-2C867BA20F79}.Debug|Any CPU.ActiveCfg = Debug|Any CPU
		{9BE689FF-4711-4122-8888-2C867BA20F79}.Debug|Any CPU.Build.0 = Debug|Any CPU
		{9BE689FF-4711-4122-8888-2C867BA20F79}.Release|Any CPU.ActiveCfg = Release|Any CPU
		{9BE689FF-4711-4122-8888-2C867BA20F79}.Release|Any CPU.Build.0 = Release|Any CPU
		{ED8758EE-16B6-454B-A38D-35E485ECDBDF}.Debug|Any CPU.ActiveCfg = Debug|Any CPU
		{ED8758EE-16B6-454B-A38D-35E485ECDBDF}.Debug|Any CPU.Build.0 = Debug|Any CPU
		{ED8758EE-16B6-454B-A38D-35E485ECDBDF}.Release|Any CPU.ActiveCfg = Release|Any CPU
		{ED8758EE-16B6-454B-A38D-35E485ECDBDF}.Release|Any CPU.Build.0 = Release|Any CPU
		{57B8B4C2-9C6B-48ED-A0FF-555FC00AE86B}.Debug|Any CPU.ActiveCfg = Debug|Any CPU
		{57B8B4C2-9C6B-48ED-A0FF-555FC00AE86B}.Debug|Any CPU.Build.0 = Debug|Any CPU
		{57B8B4C2-9C6B-48ED-A0FF-555FC00AE86B}.Release|Any CPU.ActiveCfg = Release|Any CPU
		{57B8B4C2-9C6B-48ED-A0FF-555FC00AE86B}.Release|Any CPU.Build.0 = Release|Any CPU
		{EE93B450-2292-4470-B565-06803B8B78A9}.Debug|Any CPU.ActiveCfg = Debug|Any CPU
		{EE93B450-2292-4470-B565-06803B8B78A9}.Debug|Any CPU.Build.0 = Debug|Any CPU
		{EE93B450-2292-4470-B565-06803B8B78A9}.Release|Any CPU.ActiveCfg = Release|Any CPU
		{EE93B450-2292-4470-B565-06803B8B78A9}.Release|Any CPU.Build.0 = Release|Any CPU
	EndGlobalSection
	GlobalSection(SolutionProperties) = preSolution
		HideSolutionNode = FALSE
	EndGlobalSection
	GlobalSection(ExtensibilityGlobals) = postSolution
		SolutionGuid = {E43D48A5-2512-44D3-A304-E765D7599755}
	EndGlobalSection
EndGlobal
